
Microsoft Visual Studio Solution File, Format Version 12.00
# Visual Studio Version 17
VisualStudioVersion = 17.3.32901.215
MinimumVisualStudioVersion = 10.0.40219.1
Project("{FAE04EC0-301F-11D3-BF4B-00C04F79EFBC}") = "Lab.11.v.6", "Lab.11.v.6\Lab.11.v.6.csproj", "{B1272271-24E9-45AD-BEAC-A8D91B9BFEC2}"
EndProject
Global
	GlobalSection(SolutionConfigurationPlatforms) = preSolution
		Debug|Any CPU = Debug|Any CPU
		Release|Any CPU = Release|Any CPU
	EndGlobalSection
	GlobalSection(ProjectConfigurationPlatforms) = postSolution
		{B1272271-24E9-45AD-BEAC-A8D91B9BFEC2}.Debug|Any CPU.ActiveCfg = Debug|Any CPU
		{B1272271-24E9-45AD-BEAC-A8D91B9BFEC2}.Debug|Any CPU.Build.0 = Debug|Any CPU
		{B1272271-24E9-45AD-BEAC-A8D91B9BFEC2}.Release|Any CPU.ActiveCfg = Release|Any CPU
		{B1272271-24E9-45AD-BEAC-A8D91B9BFEC2}.Release|Any CPU.Build.0 = Release|Any CPU
	EndGlobalSection
	GlobalSection(SolutionProperties) = preSolution
		HideSolutionNode = FALSE
	EndGlobalSection
	GlobalSection(ExtensibilityGlobals) = postSolution
		SolutionGuid = {342E7FC5-C0C4-4EC3-9C1F-FAC0724637DA}
	EndGlobalSection
EndGlobal
